
Microsoft Visual Studio Solution File, Format Version 12.00
# Visual Studio Version 16
VisualStudioVersion = 16.0.29306.81
MinimumVisualStudioVersion = 10.0.40219.1
Project("{FAE04EC0-301F-11D3-BF4B-00C04F79EFBC}") = "WindowsFormsApp1", "WindowsFormsApp1\WindowsFormsApp1.csproj", "{1AB41F7A-7D00-4219-926F-0B2BFF815723}"
EndProject
Global
	GlobalSection(SolutionConfigurationPlatforms) = preSolution
		Debug|Any CPU = Debug|Any CPU
		Release|Any CPU = Release|Any CPU
	EndGlobalSection
	GlobalSection(ProjectConfigurationPlatforms) = postSolution
		{1AB41F7A-7D00-4219-926F-0B2BFF815723}.Debug|Any CPU.ActiveCfg = Debug|Any CPU
		{1AB41F7A-7D00-4219-926F-0B2BFF815723}.Debug|Any CPU.Build.0 = Debug|Any CPU
		{1AB41F7A-7D00-4219-926F-0B2BFF815723}.Release|Any CPU.ActiveCfg = Release|Any CPU
		{1AB41F7A-7D00-4219-926F-0B2BFF815723}.Release|Any CPU.Build.0 = Release|Any CPU
	EndGlobalSection
	GlobalSection(SolutionProperties) = preSolution
		HideSolutionNode = FALSE
	EndGlobalSection
	GlobalSection(ExtensibilityGlobals) = postSolution
		SolutionGuid = {3B30051D-197B-4C6F-88E0-A1C23F07EA90}
	EndGlobalSection
EndGlobal
